
Microsoft Visual Studio Solution File, Format Version 12.00
# Visual Studio Version 16
VisualStudioVersion = 16.0.29709.97
MinimumVisualStudioVersion = 10.0.40219.1
Project("{9A19103F-16F7-4668-BE54-9A1E7A4F7556}") = "HTTP_TODO_API", "HTTP_TODO_API.csproj", "{EBF7151E-6A42-47CE-B521-23827F0196AD}"
EndProject
Project("{2150E333-8FDC-42A3-9474-1A3956D46DE8}") = "Solution Items", "Solution Items", "{0F5E7DFC-D2DA-47A5-B051-52F4305166E4}"
	ProjectSection(SolutionItems) = preProject
		.editorconfig = .editorconfig
	EndProjectSection
EndProject
Project("{FAE04EC0-301F-11D3-BF4B-00C04F79EFBC}") = "HTTP_TODO_API.Tests", "..\HTTP_TODO_API.Tests\HTTP_TODO_API.Tests.csproj", "{439F121F-F947-4AD4-84A3-D2BF00B57D67}"
EndProject
Global
	GlobalSection(SolutionConfigurationPlatforms) = preSolution
		Debug|Any CPU = Debug|Any CPU
		Release|Any CPU = Release|Any CPU
	EndGlobalSection
	GlobalSection(ProjectConfigurationPlatforms) = postSolution
		{EBF7151E-6A42-47CE-B521-23827F0196AD}.Debug|Any CPU.ActiveCfg = Debug|Any CPU
		{EBF7151E-6A42-47CE-B521-23827F0196AD}.Debug|Any CPU.Build.0 = Debug|Any CPU
		{EBF7151E-6A42-47CE-B521-23827F0196AD}.Release|Any CPU.ActiveCfg = Release|Any CPU
		{EBF7151E-6A42-47CE-B521-23827F0196AD}.Release|Any CPU.Build.0 = Release|Any CPU
		{439F121F-F947-4AD4-84A3-D2BF00B57D67}.Debug|Any CPU.ActiveCfg = Debug|Any CPU
		{439F121F-F947-4AD4-84A3-D2BF00B57D67}.Debug|Any CPU.Build.0 = Debug|Any CPU
		{439F121F-F947-4AD4-84A3-D2BF00B57D67}.Release|Any CPU.ActiveCfg = Release|Any CPU
		{439F121F-F947-4AD4-84A3-D2BF00B57D67}.Release|Any CPU.Build.0 = Release|Any CPU
	EndGlobalSection
	GlobalSection(SolutionProperties) = preSolution
		HideSolutionNode = FALSE
	EndGlobalSection
	GlobalSection(ExtensibilityGlobals) = postSolution
		SolutionGuid = {3E3D38E2-8C5A-4DFA-AE82-1EFBF2F79AE5}
	EndGlobalSection
EndGlobal
